{
  "name": "@auths-dev/mcp",
  "version": "0.1.0",
  "lockfileVersion": 3,
  "requires": true,
  "packages": {
    "": {
      "name": "@auths-dev/mcp",
      "version": "0.1.0",
      "license": "Apache-2.0",
      "bin": {
        "auths-mcp": "packages/auths-mcp/bin/auths-mcp.mjs"
      },
      "engines": {
        "node": ">=18"
      }
    }
  }
}
